
Microsoft Visual Studio Solution File, Format Version 12.00
# Visual Studio 15
VisualStudioVersion = 14.0.25420.1
MinimumVisualStudioVersion = 10.0.40219.1
Project("{FAE04EC0-301F-11D3-BF4B-00C04F79EFBC}") = "Proficy.Historian.Module", "src\Proficy.Historian.Module.csproj", "{5414B6F2-A7CD-4ECB-805C-2DFBF57A6508}"
EndProject
Global
	GlobalSection(SolutionConfigurationPlatforms) = preSolution
		Debug|Any CPU = Debug|Any CPU
		Release|Any CPU = Release|Any CPU
	EndGlobalSection
	GlobalSection(ProjectConfigurationPlatforms) = postSolution
		{5414B6F2-A7CD-4ECB-805C-2DFBF57A6508}.Debug|Any CPU.ActiveCfg = Debug|Any CPU
		{5414B6F2-A7CD-4ECB-805C-2DFBF57A6508}.Debug|Any CPU.Build.0 = Debug|Any CPU
		{5414B6F2-A7CD-4ECB-805C-2DFBF57A6508}.Release|Any CPU.ActiveCfg = Release|Any CPU
		{5414B6F2-A7CD-4ECB-805C-2DFBF57A6508}.Release|Any CPU.Build.0 = Release|Any CPU
	EndGlobalSection
	GlobalSection(SolutionProperties) = preSolution
		HideSolutionNode = FALSE
	EndGlobalSection
EndGlobal
